github.com/jpl-au/fluent v0.3.0-rc1 h1:a19J872PkZ27XzEpBbD2WbE2LgCaPjRvLjEMfsdHwuU=
github.com/jpl-au/fluent v0.3.0-rc1/go.mod h1:Iptw7Q1CEBYMWKUTo5K9RpWjlpgDltRc3eHdUehPNIE=
github.com/jpl-au/fluent v0.3.0-rc2 h1:uHe5ZapKrAZEVXgut5VTgiafVw0bg/FBNnpXsvjOIW4=
github.com/jpl-au/fluent v0.3.0-rc2/go.mod h1:Iptw7Q1CEBYMWKUTo5K9RpWjlpgDltRc3eHdUehPNIE=
github.com/jpl-au/fluent v0.3.0 h1:6OaCOeu2aEBy+Y5wv5J9D0UKVbAbaSjjQRio/XAJXRk=
github.com/jpl-au/fluent v0.3.0/go.mod h1:Iptw7Q1CEBYMWKUTo5K9RpWjlpgDltRc3eHdUehPNIE=
